
Microsoft Visual Studio Solution File, Format Version 12.00
# Visual Studio Version 17
VisualStudioVersion = 17.0.32112.339
MinimumVisualStudioVersion = 10.0.40219.1
Project("{FAE04EC0-301F-11D3-BF4B-00C04F79EFBC}") = "HW14(Essential)Collections1", "HW14(Essential)Collections\HW14(Essential)Collections1.csproj", "{D0B5100F-554C-4B6F-A7E9-78D673597614}"
EndProject
Project("{FAE04EC0-301F-11D3-BF4B-00C04F79EFBC}") = "HW14(Essential)Collections2", "HW14(Essential)Collections2\HW14(Essential)Collections2.csproj", "{BF4FD675-A112-4D24-BBAB-721D6D01AF13}"
EndProject
Global
	GlobalSection(SolutionConfigurationPlatforms) = preSolution
		Debug|Any CPU = Debug|Any CPU
		Release|Any CPU = Release|Any CPU
	EndGlobalSection
	GlobalSection(ProjectConfigurationPlatforms) = postSolution
		{D0B5100F-554C-4B6F-A7E9-78D673597614}.Debug|Any CPU.ActiveCfg = Debug|Any CPU
		{D0B5100F-554C-4B6F-A7E9-78D673597614}.Debug|Any CPU.Build.0 = Debug|Any CPU
		{D0B5100F-554C-4B6F-A7E9-78D673597614}.Release|Any CPU.ActiveCfg = Release|Any CPU
		{D0B5100F-554C-4B6F-A7E9-78D673597614}.Release|Any CPU.Build.0 = Release|Any CPU
		{BF4FD675-A112-4D24-BBAB-721D6D01AF13}.Debug|Any CPU.ActiveCfg = Debug|Any CPU
		{BF4FD675-A112-4D24-BBAB-721D6D01AF13}.Debug|Any CPU.Build.0 = Debug|Any CPU
		{BF4FD675-A112-4D24-BBAB-721D6D01AF13}.Release|Any CPU.ActiveCfg = Release|Any CPU
		{BF4FD675-A112-4D24-BBAB-721D6D01AF13}.Release|Any CPU.Build.0 = Release|Any CPU
	EndGlobalSection
	GlobalSection(SolutionProperties) = preSolution
		HideSolutionNode = FALSE
	EndGlobalSection
	GlobalSection(ExtensibilityGlobals) = postSolution
		SolutionGuid = {FBCF0F3D-D1FE-4FC3-A45A-04BAAE188E33}
	EndGlobalSection
EndGlobal
