
Microsoft Visual Studio Solution File, Format Version 12.00
# Visual Studio Version 17
VisualStudioVersion = 17.0.32112.339
MinimumVisualStudioVersion = 10.0.40219.1
Project("{FAE04EC0-301F-11D3-BF4B-00C04F79EFBC}") = "HW3-4(Professional)", "HW3-4(Professional)\HW3-4(Professional).csproj", "{AAC2008D-ABF3-44D3-9B72-BC9D6E60EA53}"
EndProject
Global
	GlobalSection(SolutionConfigurationPlatforms) = preSolution
		Debug|Any CPU = Debug|Any CPU
		Release|Any CPU = Release|Any CPU
	EndGlobalSection
	GlobalSection(ProjectConfigurationPlatforms) = postSolution
		{AAC2008D-ABF3-44D3-9B72-BC9D6E60EA53}.Debug|Any CPU.ActiveCfg = Debug|Any CPU
		{AAC2008D-ABF3-44D3-9B72-BC9D6E60EA53}.Debug|Any CPU.Build.0 = Debug|Any CPU
		{AAC2008D-ABF3-44D3-9B72-BC9D6E60EA53}.Release|Any CPU.ActiveCfg = Release|Any CPU
		{AAC2008D-ABF3-44D3-9B72-BC9D6E60EA53}.Release|Any CPU.Build.0 = Release|Any CPU
	EndGlobalSection
	GlobalSection(SolutionProperties) = preSolution
		HideSolutionNode = FALSE
	EndGlobalSection
	GlobalSection(ExtensibilityGlobals) = postSolution
		SolutionGuid = {690FB226-F8AF-4AA7-B17C-9E99A4017CB1}
	EndGlobalSection
EndGlobal
