
Microsoft Visual Studio Solution File, Format Version 12.00
# Visual Studio Version 17
VisualStudioVersion = 17.0.32112.339
MinimumVisualStudioVersion = 10.0.40219.1
Project("{FAE04EC0-301F-11D3-BF4B-00C04F79EFBC}") = "ExtraTask", "HW8(Professional)\ExtraTask.csproj", "{9DF03520-6894-4E47-BFE1-208D66CB0123}"
EndProject
Project("{FAE04EC0-301F-11D3-BF4B-00C04F79EFBC}") = "SecondTask", "SecondTask\SecondTask.csproj", "{269FAD19-007C-4352-9D7B-E92776F971F7}"
EndProject
Project("{FAE04EC0-301F-11D3-BF4B-00C04F79EFBC}") = "ThisrdTask", "ThisrdTask\ThisrdTask.csproj", "{9DDA8C63-B4BF-4963-9EAA-DB7FC70DC691}"
EndProject
Global
	GlobalSection(SolutionConfigurationPlatforms) = preSolution
		Debug|Any CPU = Debug|Any CPU
		Release|Any CPU = Release|Any CPU
	EndGlobalSection
	GlobalSection(ProjectConfigurationPlatforms) = postSolution
		{9DF03520-6894-4E47-BFE1-208D66CB0123}.Debug|Any CPU.ActiveCfg = Debug|Any CPU
		{9DF03520-6894-4E47-BFE1-208D66CB0123}.Debug|Any CPU.Build.0 = Debug|Any CPU
		{9DF03520-6894-4E47-BFE1-208D66CB0123}.Release|Any CPU.ActiveCfg = Release|Any CPU
		{9DF03520-6894-4E47-BFE1-208D66CB0123}.Release|Any CPU.Build.0 = Release|Any CPU
		{269FAD19-007C-4352-9D7B-E92776F971F7}.Debug|Any CPU.ActiveCfg = Debug|Any CPU
		{269FAD19-007C-4352-9D7B-E92776F971F7}.Debug|Any CPU.Build.0 = Debug|Any CPU
		{269FAD19-007C-4352-9D7B-E92776F971F7}.Release|Any CPU.ActiveCfg = Release|Any CPU
		{269FAD19-007C-4352-9D7B-E92776F971F7}.Release|Any CPU.Build.0 = Release|Any CPU
		{9DDA8C63-B4BF-4963-9EAA-DB7FC70DC691}.Debug|Any CPU.ActiveCfg = Debug|Any CPU
		{9DDA8C63-B4BF-4963-9EAA-DB7FC70DC691}.Debug|Any CPU.Build.0 = Debug|Any CPU
		{9DDA8C63-B4BF-4963-9EAA-DB7FC70DC691}.Release|Any CPU.ActiveCfg = Release|Any CPU
		{9DDA8C63-B4BF-4963-9EAA-DB7FC70DC691}.Release|Any CPU.Build.0 = Release|Any CPU
	EndGlobalSection
	GlobalSection(SolutionProperties) = preSolution
		HideSolutionNode = FALSE
	EndGlobalSection
	GlobalSection(ExtensibilityGlobals) = postSolution
		SolutionGuid = {CEADFE48-69FC-40B6-A8B1-9FC86803A923}
	EndGlobalSection
EndGlobal
